
Microsoft Visual Studio Solution File, Format Version 12.00
# Visual Studio Version 17
VisualStudioVersion = 17.7.34024.191
MinimumVisualStudioVersion = 10.0.40219.1
Project("{9A19103F-16F7-4668-BE54-9A1E7A4F7556}") = "FCW0VU_HFT_2023241.Client", "FCW0VU_HFT_2023241.Client\FCW0VU_HFT_2023241.Client.csproj", "{13E9BC98-79FD-4BBD-9950-BDB6616FB79C}"
EndProject
Project("{9A19103F-16F7-4668-BE54-9A1E7A4F7556}") = "FCW0VU_HFT_2023241.Models", "FCW0VU_HFT_2023241.Models\FCW0VU_HFT_2023241.Models.csproj", "{61CFFED9-24EF-4E8E-98B3-60827E98E9F0}"
EndProject
Project("{9A19103F-16F7-4668-BE54-9A1E7A4F7556}") = "FCW0VU_HFT_2023241.Logic", "FCW0VU_HFT_2023241.Logic\FCW0VU_HFT_2023241.Logic.csproj", "{989CEE5A-31DC-4C6A-A8E9-A6B0135022A2}"
EndProject
Project("{9A19103F-16F7-4668-BE54-9A1E7A4F7556}") = "FCW0VU_HFT_2023241.Repository", "FCW0VU_HFT_2023241.Repository\FCW0VU_HFT_2023241.Repository.csproj", "{51BB6860-158C-4D88-A7E5-B38D3D16D787}"
EndProject
Project("{9A19103F-16F7-4668-BE54-9A1E7A4F7556}") = "FCW0VU_HFT_2023241.Test", "FCW0VU_HFT_2023241.Test\FCW0VU_HFT_2023241.Test.csproj", "{140F6662-D60F-483B-BF50-E41F12382AA6}"
EndProject
Project("{2150E333-8FDC-42A3-9474-1A3956D46DE8}") = "Backend", "Backend", "{2C42EBCB-EF06-4FD2-A8DF-59C5EBEA0ED7}"
EndProject
Project("{2150E333-8FDC-42A3-9474-1A3956D46DE8}") = "Frontend", "Frontend", "{11283702-C8BE-47E0-94AA-0B0376167E25}"
EndProject
Project("{2150E333-8FDC-42A3-9474-1A3956D46DE8}") = "Shared", "Shared", "{4315DF2A-EBE6-43CF-9431-80D100736FD6}"
EndProject
Project("{2150E333-8FDC-42A3-9474-1A3956D46DE8}") = "Others", "Others", "{D65191F6-005E-4B3A-ACBC-666D775CBED1}"
	ProjectSection(SolutionItems) = preProject
		..\.gitignore = ..\.gitignore
	EndProjectSection
EndProject
Project("{9A19103F-16F7-4668-BE54-9A1E7A4F7556}") = "FCW0VU_HFT_2023241.Endpoint", "FCW0VU_HFT_2023241.Endpoint\FCW0VU_HFT_2023241.Endpoint.csproj", "{8BC27784-727A-4347-8331-4545BA181E82}"
EndProject
Project("{FAE04EC0-301F-11D3-BF4B-00C04F79EFBC}") = "FCW0VU_HFT_2023241.WPFclient", "FCW0VU_HFT_2023241.WPFclient\FCW0VU_HFT_2023241.WPFclient.csproj", "{20415730-E30D-4C52-821A-62CA4E0AAA85}"
EndProject
Global
	GlobalSection(SolutionConfigurationPlatforms) = preSolution
		Debug|Any CPU = Debug|Any CPU
		Release|Any CPU = Release|Any CPU
	EndGlobalSection
	GlobalSection(ProjectConfigurationPlatforms) = postSolution
		{13E9BC98-79FD-4BBD-9950-BDB6616FB79C}.Debug|Any CPU.ActiveCfg = Debug|Any CPU
		{13E9BC98-79FD-4BBD-9950-BDB6616FB79C}.Debug|Any CPU.Build.0 = Debug|Any CPU
		{13E9BC98-79FD-4BBD-9950-BDB6616FB79C}.Release|Any CPU.ActiveCfg = Release|Any CPU
		{13E9BC98-79FD-4BBD-9950-BDB6616FB79C}.Release|Any CPU.Build.0 = Release|Any CPU
		{61CFFED9-24EF-4E8E-98B3-60827E98E9F0}.Debug|Any CPU.ActiveCfg = Debug|Any CPU
		{61CFFED9-24EF-4E8E-98B3-60827E98E9F0}.Debug|Any CPU.Build.0 = Debug|Any CPU
		{61CFFED9-24EF-4E8E-98B3-60827E98E9F0}.Release|Any CPU.ActiveCfg = Release|Any CPU
		{61CFFED9-24EF-4E8E-98B3-60827E98E9F0}.Release|Any CPU.Build.0 = Release|Any CPU
		{989CEE5A-31DC-4C6A-A8E9-A6B0135022A2}.Debug|Any CPU.ActiveCfg = Debug|Any CPU
		{989CEE5A-31DC-4C6A-A8E9-A6B0135022A2}.Debug|Any CPU.Build.0 = Debug|Any CPU
		{989CEE5A-31DC-4C6A-A8E9-A6B0135022A2}.Release|Any CPU.ActiveCfg = Release|Any CPU
		{989CEE5A-31DC-4C6A-A8E9-A6B0135022A2}.Release|Any CPU.Build.0 = Release|Any CPU
		{51BB6860-158C-4D88-A7E5-B38D3D16D787}.Debug|Any CPU.ActiveCfg = Debug|Any CPU
		{51BB6860-158C-4D88-A7E5-B38D3D16D787}.Debug|Any CPU.Build.0 = Debug|Any CPU
		{51BB6860-158C-4D88-A7E5-B38D3D16D787}.Release|Any CPU.ActiveCfg = Release|Any CPU
		{51BB6860-158C-4D88-A7E5-B38D3D16D787}.Release|Any CPU.Build.0 = Release|Any CPU
		{140F6662-D60F-483B-BF50-E41F12382AA6}.Debug|Any CPU.ActiveCfg = Debug|Any CPU
		{140F6662-D60F-483B-BF50-E41F12382AA6}.Debug|Any CPU.Build.0 = Debug|Any CPU
		{140F6662-D60F-483B-BF50-E41F12382AA6}.Release|Any CPU.ActiveCfg = Release|Any CPU
		{140F6662-D60F-483B-BF50-E41F12382AA6}.Release|Any CPU.Build.0 = Release|Any CPU
		{8BC27784-727A-4347-8331-4545BA181E82}.Debug|Any CPU.ActiveCfg = Debug|Any CPU
		{8BC27784-727A-4347-8331-4545BA181E82}.Debug|Any CPU.Build.0 = Debug|Any CPU
		{8BC27784-727A-4347-8331-4545BA181E82}.Release|Any CPU.ActiveCfg = Release|Any CPU
		{8BC27784-727A-4347-8331-4545BA181E82}.Release|Any CPU.Build.0 = Release|Any CPU
		{20415730-E30D-4C52-821A-62CA4E0AAA85}.Debug|Any CPU.ActiveCfg = Debug|Any CPU
		{20415730-E30D-4C52-821A-62CA4E0AAA85}.Debug|Any CPU.Build.0 = Debug|Any CPU
		{20415730-E30D-4C52-821A-62CA4E0AAA85}.Release|Any CPU.ActiveCfg = Release|Any CPU
		{20415730-E30D-4C52-821A-62CA4E0AAA85}.Release|Any CPU.Build.0 = Release|Any CPU
	EndGlobalSection
	GlobalSection(SolutionProperties) = preSolution
		HideSolutionNode = FALSE
	EndGlobalSection
	GlobalSection(NestedProjects) = preSolution
		{13E9BC98-79FD-4BBD-9950-BDB6616FB79C} = {11283702-C8BE-47E0-94AA-0B0376167E25}
		{61CFFED9-24EF-4E8E-98B3-60827E98E9F0} = {4315DF2A-EBE6-43CF-9431-80D100736FD6}
		{989CEE5A-31DC-4C6A-A8E9-A6B0135022A2} = {2C42EBCB-EF06-4FD2-A8DF-59C5EBEA0ED7}
		{51BB6860-158C-4D88-A7E5-B38D3D16D787} = {2C42EBCB-EF06-4FD2-A8DF-59C5EBEA0ED7}
		{140F6662-D60F-483B-BF50-E41F12382AA6} = {2C42EBCB-EF06-4FD2-A8DF-59C5EBEA0ED7}
		{8BC27784-727A-4347-8331-4545BA181E82} = {2C42EBCB-EF06-4FD2-A8DF-59C5EBEA0ED7}
		{20415730-E30D-4C52-821A-62CA4E0AAA85} = {11283702-C8BE-47E0-94AA-0B0376167E25}
	EndGlobalSection
	GlobalSection(ExtensibilityGlobals) = postSolution
		SolutionGuid = {0C15145D-F401-4CCE-8FE5-40CFA5D99513}
	EndGlobalSection
EndGlobal
